
Microsoft Visual Studio Solution File, Format Version 12.00
# Visual Studio Version 16
VisualStudioVersion = 16.0.30907.101
MinimumVisualStudioVersion = 10.0.40219.1
Project("{9A19103F-16F7-4668-BE54-9A1E7A4F7556}") = "WebAPI", "WebAPI\WebAPI.csproj", "{0257AE74-C302-4DEC-85AF-466FF626D78A}"
EndProject
Project("{9A19103F-16F7-4668-BE54-9A1E7A4F7556}") = "WebAPIRedDoc", "WebAPIRedDoc\WebAPIRedDoc.csproj", "{8A0A41FE-13B6-4FA1-9465-7EC3E3030F5B}"
EndProject
Project("{FAE04EC0-301F-11D3-BF4B-00C04F79EFBC}") = "WebApiDevoTo", "WebApiDevoTo\WebApiDevoTo.csproj", "{1B849DC4-052E-4E8B-892C-987C5144D28B}"
EndProject
Global
	GlobalSection(SolutionConfigurationPlatforms) = preSolution
		Debug|Any CPU = Debug|Any CPU
		Release|Any CPU = Release|Any CPU
	EndGlobalSection
	GlobalSection(ProjectConfigurationPlatforms) = postSolution
		{0257AE74-C302-4DEC-85AF-466FF626D78A}.Debug|Any CPU.ActiveCfg = Debug|Any CPU
		{0257AE74-C302-4DEC-85AF-466FF626D78A}.Debug|Any CPU.Build.0 = Debug|Any CPU
		{0257AE74-C302-4DEC-85AF-466FF626D78A}.Release|Any CPU.ActiveCfg = Release|Any CPU
		{0257AE74-C302-4DEC-85AF-466FF626D78A}.Release|Any CPU.Build.0 = Release|Any CPU
		{8A0A41FE-13B6-4FA1-9465-7EC3E3030F5B}.Debug|Any CPU.ActiveCfg = Debug|Any CPU
		{8A0A41FE-13B6-4FA1-9465-7EC3E3030F5B}.Debug|Any CPU.Build.0 = Debug|Any CPU
		{8A0A41FE-13B6-4FA1-9465-7EC3E3030F5B}.Release|Any CPU.ActiveCfg = Release|Any CPU
		{8A0A41FE-13B6-4FA1-9465-7EC3E3030F5B}.Release|Any CPU.Build.0 = Release|Any CPU
		{1B849DC4-052E-4E8B-892C-987C5144D28B}.Debug|Any CPU.ActiveCfg = Debug|Any CPU
		{1B849DC4-052E-4E8B-892C-987C5144D28B}.Debug|Any CPU.Build.0 = Debug|Any CPU
		{1B849DC4-052E-4E8B-892C-987C5144D28B}.Release|Any CPU.ActiveCfg = Release|Any CPU
		{1B849DC4-052E-4E8B-892C-987C5144D28B}.Release|Any CPU.Build.0 = Release|Any CPU
	EndGlobalSection
	GlobalSection(SolutionProperties) = preSolution
		HideSolutionNode = FALSE
	EndGlobalSection
	GlobalSection(ExtensibilityGlobals) = postSolution
		SolutionGuid = {6EA6B8DB-E1E0-453D-A848-9AB829017734}
	EndGlobalSection
EndGlobal
