
Microsoft Visual Studio Solution File, Format Version 12.00
# Visual Studio Version 16
VisualStudioVersion = 16.0.30907.101
MinimumVisualStudioVersion = 10.0.40219.1
Project("{9A19103F-16F7-4668-BE54-9A1E7A4F7556}") = "WebAPI", "WebAPI\WebAPI.csproj", "{0257AE74-C302-4DEC-85AF-466FF626D78A}"
EndProject
Project("{9A19103F-16F7-4668-BE54-9A1E7A4F7556}") = "WebAPIRedDoc", "WebAPIRedDoc\WebAPIRedDoc.csproj", "{8A0A41FE-13B6-4FA1-9465-7EC3E3030F5B}"
EndProject
Project("{9A19103F-16F7-4668-BE54-9A1E7A4F7556}") = "WebApiOAuth", "WebApiOAuth\WebApiOAuth.csproj", "{2ED021AA-E0E9-442A-B1A2-B9622F60270D}"
EndProject
Project("{9A19103F-16F7-4668-BE54-9A1E7A4F7556}") = "WebApiBasicAuthentication", "WebApiKeys\WebApiBasicAuthentication.csproj", "{A2C0FB6E-FF3E-4506-9F6E-DE63AB035B90}"
EndProject
Project("{2150E333-8FDC-42A3-9474-1A3956D46DE8}") = "Authentication", "Authentication", "{37FD15F8-C565-4AE6-A731-6312C910F9B8}"
EndProject
Project("{9A19103F-16F7-4668-BE54-9A1E7A4F7556}") = "WebApiJWT", "WebApiJWT\WebApiJWT.csproj", "{B560AAB2-EDB5-4AA7-A1BC-BA957DBB764E}"
EndProject
Project("{FAE04EC0-301F-11D3-BF4B-00C04F79EFBC}") = "Balta", "Balta\Balta.csproj", "{84BECFCF-58A2-448E-A654-5CE2DB3D315A}"
EndProject
Global
	GlobalSection(SolutionConfigurationPlatforms) = preSolution
		Debug|Any CPU = Debug|Any CPU
		Release|Any CPU = Release|Any CPU
	EndGlobalSection
	GlobalSection(ProjectConfigurationPlatforms) = postSolution
		{0257AE74-C302-4DEC-85AF-466FF626D78A}.Debug|Any CPU.ActiveCfg = Debug|Any CPU
		{0257AE74-C302-4DEC-85AF-466FF626D78A}.Debug|Any CPU.Build.0 = Debug|Any CPU
		{0257AE74-C302-4DEC-85AF-466FF626D78A}.Release|Any CPU.ActiveCfg = Release|Any CPU
		{0257AE74-C302-4DEC-85AF-466FF626D78A}.Release|Any CPU.Build.0 = Release|Any CPU
		{8A0A41FE-13B6-4FA1-9465-7EC3E3030F5B}.Debug|Any CPU.ActiveCfg = Debug|Any CPU
		{8A0A41FE-13B6-4FA1-9465-7EC3E3030F5B}.Debug|Any CPU.Build.0 = Debug|Any CPU
		{8A0A41FE-13B6-4FA1-9465-7EC3E3030F5B}.Release|Any CPU.ActiveCfg = Release|Any CPU
		{8A0A41FE-13B6-4FA1-9465-7EC3E3030F5B}.Release|Any CPU.Build.0 = Release|Any CPU
		{2ED021AA-E0E9-442A-B1A2-B9622F60270D}.Debug|Any CPU.ActiveCfg = Debug|Any CPU
		{2ED021AA-E0E9-442A-B1A2-B9622F60270D}.Debug|Any CPU.Build.0 = Debug|Any CPU
		{2ED021AA-E0E9-442A-B1A2-B9622F60270D}.Release|Any CPU.ActiveCfg = Release|Any CPU
		{2ED021AA-E0E9-442A-B1A2-B9622F60270D}.Release|Any CPU.Build.0 = Release|Any CPU
		{A2C0FB6E-FF3E-4506-9F6E-DE63AB035B90}.Debug|Any CPU.ActiveCfg = Debug|Any CPU
		{A2C0FB6E-FF3E-4506-9F6E-DE63AB035B90}.Debug|Any CPU.Build.0 = Debug|Any CPU
		{A2C0FB6E-FF3E-4506-9F6E-DE63AB035B90}.Release|Any CPU.ActiveCfg = Release|Any CPU
		{A2C0FB6E-FF3E-4506-9F6E-DE63AB035B90}.Release|Any CPU.Build.0 = Release|Any CPU
		{B560AAB2-EDB5-4AA7-A1BC-BA957DBB764E}.Debug|Any CPU.ActiveCfg = Debug|Any CPU
		{B560AAB2-EDB5-4AA7-A1BC-BA957DBB764E}.Debug|Any CPU.Build.0 = Debug|Any CPU
		{B560AAB2-EDB5-4AA7-A1BC-BA957DBB764E}.Release|Any CPU.ActiveCfg = Release|Any CPU
		{B560AAB2-EDB5-4AA7-A1BC-BA957DBB764E}.Release|Any CPU.Build.0 = Release|Any CPU
		{84BECFCF-58A2-448E-A654-5CE2DB3D315A}.Debug|Any CPU.ActiveCfg = Debug|Any CPU
		{84BECFCF-58A2-448E-A654-5CE2DB3D315A}.Debug|Any CPU.Build.0 = Debug|Any CPU
		{84BECFCF-58A2-448E-A654-5CE2DB3D315A}.Release|Any CPU.ActiveCfg = Release|Any CPU
		{84BECFCF-58A2-448E-A654-5CE2DB3D315A}.Release|Any CPU.Build.0 = Release|Any CPU
	EndGlobalSection
	GlobalSection(SolutionProperties) = preSolution
		HideSolutionNode = FALSE
	EndGlobalSection
	GlobalSection(NestedProjects) = preSolution
		{2ED021AA-E0E9-442A-B1A2-B9622F60270D} = {37FD15F8-C565-4AE6-A731-6312C910F9B8}
		{A2C0FB6E-FF3E-4506-9F6E-DE63AB035B90} = {37FD15F8-C565-4AE6-A731-6312C910F9B8}
		{B560AAB2-EDB5-4AA7-A1BC-BA957DBB764E} = {37FD15F8-C565-4AE6-A731-6312C910F9B8}
		{84BECFCF-58A2-448E-A654-5CE2DB3D315A} = {37FD15F8-C565-4AE6-A731-6312C910F9B8}
	EndGlobalSection
	GlobalSection(ExtensibilityGlobals) = postSolution
		SolutionGuid = {6EA6B8DB-E1E0-453D-A848-9AB829017734}
	EndGlobalSection
EndGlobal
